
Microsoft Visual Studio Solution File, Format Version 12.00
# Visual Studio Version 17
VisualStudioVersion = 17.14.36212.18 d17.14
MinimumVisualStudioVersion = 10.0.40219.1
Project("{FAE04EC0-301F-11D3-BF4B-00C04F79EFBC}") = "JWTMicroservices", "JWTMicroservices.csproj", "{DAB6ADC7-95ED-4B50-8099-FE4C969CCC56}"
EndProject
Global
	GlobalSection(SolutionConfigurationPlatforms) = preSolution
		Debug|Any CPU = Debug|Any CPU
		Release|Any CPU = Release|Any CPU
	EndGlobalSection
	GlobalSection(ProjectConfigurationPlatforms) = postSolution
		{DAB6ADC7-95ED-4B50-8099-FE4C969CCC56}.Debug|Any CPU.ActiveCfg = Debug|Any CPU
		{DAB6ADC7-95ED-4B50-8099-FE4C969CCC56}.Debug|Any CPU.Build.0 = Debug|Any CPU
		{DAB6ADC7-95ED-4B50-8099-FE4C969CCC56}.Release|Any CPU.ActiveCfg = Release|Any CPU
		{DAB6ADC7-95ED-4B50-8099-FE4C969CCC56}.Release|Any CPU.Build.0 = Release|Any CPU
	EndGlobalSection
	GlobalSection(SolutionProperties) = preSolution
		HideSolutionNode = FALSE
	EndGlobalSection
	GlobalSection(ExtensibilityGlobals) = postSolution
		SolutionGuid = {DD4B0BB0-F70F-4453-8746-7AC090C32A80}
	EndGlobalSection
EndGlobal
